// !$*UTF8*$!
{
	archiveVersion = 1;
	classes = {
	};
	objectVersion = 56;
	objects = {

/* Begin PBXBuildFile section */
		170708452A80D1BE00A7F788 /* SwiftUIDemoApp.swift in Sources */ = {isa = PBXBuildFile; fileRef = 170708442A80D1BE00A7F788 /* SwiftUIDemoApp.swift */; };
		170708472A80D1BE00A7F788 /* ContentView.swift in Sources */ = {isa = PBXBuildFile; fileRef = 170708462A80D1BE00A7F788 /* ContentView.swift */; };
		170708492A80D1BF00A7F788 /* Assets.xcassets in Resources */ = {isa = PBXBuildFile; fileRef = 170708482A80D1BF00A7F788 /* Assets.xcassets */; };
		1707084C2A80D1BF00A7F788 /* Preview Assets.xcassets in Resources */ = {isa = PBXBuildFile; fileRef = 1707084B2A80D1BF00A7F788 /* Preview Assets.xcassets */; };
		1707084E2A80D1BF00A7F788 /* Persistence.swift in Sources */ = {isa = PBXBuildFile; fileRef = 1707084D2A80D1BF00A7F788 /* Persistence.swift */; };
		170708512A80D1BF00A7F788 /* SwiftUIDemo.xcdatamodeld in Sources */ = {isa = PBXBuildFile; fileRef = 1707084F2A80D1BF00A7F788 /* SwiftUIDemo.xcdatamodeld */; };
		1707085B2A80D1BF00A7F788 /* SwiftUIDemoTests.swift in Sources */ = {isa = PBXBuildFile; fileRef = 1707085A2A80D1BF00A7F788 /* SwiftUIDemoTests.swift */; };
		170708652A80D1BF00A7F788 /* SwiftUIDemoUITests.swift in Sources */ = {isa = PBXBuildFile; fileRef = 170708642A80D1BF00A7F788 /* SwiftUIDemoUITests.swift */; };
		170708672A80D1BF00A7F788 /* SwiftUIDemoUITestsLaunchTests.swift in Sources */ = {isa = PBXBuildFile; fileRef = 170708662A80D1BF00A7F788 /* SwiftUIDemoUITestsLaunchTests.swift */; };
		170708742A80D32F00A7F788 /* ExploreView.swift in Sources */ = {isa = PBXBuildFile; fileRef = 170708732A80D32F00A7F788 /* ExploreView.swift */; };
		170708762A80D36500A7F788 /* HomeView.swift in Sources */ = {isa = PBXBuildFile; fileRef = 170708752A80D36500A7F788 /* HomeView.swift */; };
		170708782A80D41F00A7F788 /* NotificationsView.swift in Sources */ = {isa = PBXBuildFile; fileRef = 170708772A80D41E00A7F788 /* NotificationsView.swift */; };
		1707087A2A80D4A900A7F788 /* TabBar.swift in Sources */ = {isa = PBXBuildFile; fileRef = 170708792A80D4A900A7F788 /* TabBar.swift */; };
		1707087C2A80D4BD00A7F788 /* Tab.swift in Sources */ = {isa = PBXBuildFile; fileRef = 1707087B2A80D4BD00A7F788 /* Tab.swift */; };
		1711A84E2A872E280076A86D /* FeaturedItem.swift in Sources */ = {isa = PBXBuildFile; fileRef = 1711A84D2A872E280076A86D /* FeaturedItem.swift */; };
		1711A8502A8730510076A86D /* NavigationBar.swift in Sources */ = {isa = PBXBuildFile; fileRef = 1711A84F2A8730510076A86D /* NavigationBar.swift */; };
		1711A8542A8750740076A86D /* PreferenceKeys.swift in Sources */ = {isa = PBXBuildFile; fileRef = 1711A8532A8750740076A86D /* PreferenceKeys.swift */; };
		1711A8562A87578C0076A86D /* AnimatableFontModifier.swift in Sources */ = {isa = PBXBuildFile; fileRef = 1711A8552A87578C0076A86D /* AnimatableFontModifier.swift */; };
		1740D4272A85C02C007446CF /* AccountView.swift in Sources */ = {isa = PBXBuildFile; fileRef = 1740D4262A85C02C007446CF /* AccountView.swift */; };
		17ACFE832A8865EB005DDAB6 /* CourseItem.swift in Sources */ = {isa = PBXBuildFile; fileRef = 17ACFE822A8865EB005DDAB6 /* CourseItem.swift */; };
		17ACFE852A88671A005DDAB6 /* CourseView.swift in Sources */ = {isa = PBXBuildFile; fileRef = 17ACFE842A88671A005DDAB6 /* CourseView.swift */; };
		17ACFE872A887871005DDAB6 /* Animations.swift in Sources */ = {isa = PBXBuildFile; fileRef = 17ACFE862A887871005DDAB6 /* Animations.swift */; };
		17ACFE892A88B2B3005DDAB6 /* Model.swift in Sources */ = {isa = PBXBuildFile; fileRef = 17ACFE882A88B2B3005DDAB6 /* Model.swift */; };
		17ACFE8B2A89082A005DDAB6 /* SearchView.swift in Sources */ = {isa = PBXBuildFile; fileRef = 17ACFE8A2A89082A005DDAB6 /* SearchView.swift */; };
		17ACFE8D2A890E9A005DDAB6 /* Suggestion.swift in Sources */ = {isa = PBXBuildFile; fileRef = 17ACFE8C2A890E9A005DDAB6 /* Suggestion.swift */; };
		17B3CB452A87CC28006957C3 /* Course.swift in Sources */ = {isa = PBXBuildFile; fileRef = 17B3CB442A87CC28006957C3 /* Course.swift */; };
		17B3CB472A87D5E1006957C3 /* MatchedView.swift in Sources */ = {isa = PBXBuildFile; fileRef = 17B3CB462A87D5E1006957C3 /* MatchedView.swift */; };
		17BA83882A84B4D100A62BA5 /* LibraryView.swift in Sources */ = {isa = PBXBuildFile; fileRef = 17BA83872A84B4D100A62BA5 /* LibraryView.swift */; };
		17BA838A2A84DC2F00A62BA5 /* Styles.swift in Sources */ = {isa = PBXBuildFile; fileRef = 17BA83892A84DC2F00A62BA5 /* Styles.swift */; };
		17DB8A652A86740700801606 /* BlobView.swift in Sources */ = {isa = PBXBuildFile; fileRef = 17DB8A642A86740700801606 /* BlobView.swift */; };
		17E66C922A86304200183A88 /* HexagonView.swift in Sources */ = {isa = PBXBuildFile; fileRef = 17E66C912A86304200183A88 /* HexagonView.swift */; };
/* End PBXBuildFile section */

/* Begin PBXContainerItemProxy section */
		170708572A80D1BF00A7F788 /* PBXContainerItemProxy */ = {
			isa = PBXContainerItemProxy;
			containerPortal = 170708392A80D1BE00A7F788 /* Project object */;
			proxyType = 1;
			remoteGlobalIDString = 170708402A80D1BE00A7F788;
			remoteInfo = SwiftUIDemo;
		};
		170708612A80D1BF00A7F788 /* PBXContainerItemProxy */ = {
			isa = PBXContainerItemProxy;
			containerPortal = 170708392A80D1BE00A7F788 /* Project object */;
			proxyType = 1;
			remoteGlobalIDString = 170708402A80D1BE00A7F788;
			remoteInfo = SwiftUIDemo;
		};
/* End PBXContainerItemProxy section */

/* Begin PBXFileReference section */
		170708412A80D1BE00A7F788 /* SwiftUIDemo.app */ = {isa = PBXFileReference; explicitFileType = wrapper.application; includeInIndex = 0; path = SwiftUIDemo.app; sourceTree = BUILT_PRODUCTS_DIR; };
		170708442A80D1BE00A7F788 /* SwiftUIDemoApp.swift */ = {isa = PBXFileReference; lastKnownFileType = sourcecode.swift; path = SwiftUIDemoApp.swift; sourceTree = "<group>"; };
		170708462A80D1BE00A7F788 /* ContentView.swift */ = {isa = PBXFileReference; lastKnownFileType = sourcecode.swift; path = ContentView.swift; sourceTree = "<group>"; };
		170708482A80D1BF00A7F788 /* Assets.xcassets */ = {isa = PBXFileReference; lastKnownFileType = folder.assetcatalog; path = Assets.xcassets; sourceTree = "<group>"; };
		1707084B2A80D1BF00A7F788 /* Preview Assets.xcassets */ = {isa = PBXFileReference; lastKnownFileType = folder.assetcatalog; path = "Preview Assets.xcassets"; sourceTree = "<group>"; };
		1707084D2A80D1BF00A7F788 /* Persistence.swift */ = {isa = PBXFileReference; lastKnownFileType = sourcecode.swift; path = Persistence.swift; sourceTree = "<group>"; };
		170708502A80D1BF00A7F788 /* SwiftUIDemo.xcdatamodel */ = {isa = PBXFileReference; lastKnownFileType = wrapper.xcdatamodel; path = SwiftUIDemo.xcdatamodel; sourceTree = "<group>"; };
		170708562A80D1BF00A7F788 /* SwiftUIDemoTests.xctest */ = {isa = PBXFileReference; explicitFileType = wrapper.cfbundle; includeInIndex = 0; path = SwiftUIDemoTests.xctest; sourceTree = BUILT_PRODUCTS_DIR; };
		1707085A2A80D1BF00A7F788 /* SwiftUIDemoTests.swift */ = {isa = PBXFileReference; lastKnownFileType = sourcecode.swift; path = SwiftUIDemoTests.swift; sourceTree = "<group>"; };
		170708602A80D1BF00A7F788 /* SwiftUIDemoUITests.xctest */ = {isa = PBXFileReference; explicitFileType = wrapper.cfbundle; includeInIndex = 0; path = SwiftUIDemoUITests.xctest; sourceTree = BUILT_PRODUCTS_DIR; };
		170708642A80D1BF00A7F788 /* SwiftUIDemoUITests.swift */ = {isa = PBXFileReference; lastKnownFileType = sourcecode.swift; path = SwiftUIDemoUITests.swift; sourceTree = "<group>"; };
		170708662A80D1BF00A7F788 /* SwiftUIDemoUITestsLaunchTests.swift */ = {isa = PBXFileReference; lastKnownFileType = sourcecode.swift; path = SwiftUIDemoUITestsLaunchTests.swift; sourceTree = "<group>"; };
		170708732A80D32F00A7F788 /* ExploreView.swift */ = {isa = PBXFileReference; lastKnownFileType = sourcecode.swift; path = ExploreView.swift; sourceTree = "<group>"; };
		170708752A80D36500A7F788 /* HomeView.swift */ = {isa = PBXFileReference; lastKnownFileType = sourcecode.swift; path = HomeView.swift; sourceTree = "<group>"; };
		170708772A80D41E00A7F788 /* NotificationsView.swift */ = {isa = PBXFileReference; lastKnownFileType = sourcecode.swift; path = NotificationsView.swift; sourceTree = "<group>"; };
		170708792A80D4A900A7F788 /* TabBar.swift */ = {isa = PBXFileReference; lastKnownFileType = sourcecode.swift; path = TabBar.swift; sourceTree = "<group>"; };
		1707087B2A80D4BD00A7F788 /* Tab.swift */ = {isa = PBXFileReference; lastKnownFileType = sourcecode.swift; path = Tab.swift; sourceTree = "<group>"; };
		1711A84D2A872E280076A86D /* FeaturedItem.swift */ = {isa = PBXFileReference; lastKnownFileType = sourcecode.swift; path = FeaturedItem.swift; sourceTree = "<group>"; };
		1711A84F2A8730510076A86D /* NavigationBar.swift */ = {isa = PBXFileReference; lastKnownFileType = sourcecode.swift; path = NavigationBar.swift; sourceTree = "<group>"; };
		1711A8532A8750740076A86D /* PreferenceKeys.swift */ = {isa = PBXFileReference; lastKnownFileType = sourcecode.swift; path = PreferenceKeys.swift; sourceTree = "<group>"; };
		1711A8552A87578C0076A86D /* AnimatableFontModifier.swift */ = {isa = PBXFileReference; lastKnownFileType = sourcecode.swift; path = AnimatableFontModifier.swift; sourceTree = "<group>"; };
		1740D4262A85C02C007446CF /* AccountView.swift */ = {isa = PBXFileReference; lastKnownFileType = sourcecode.swift; path = AccountView.swift; sourceTree = "<group>"; };
		17ACFE822A8865EB005DDAB6 /* CourseItem.swift */ = {isa = PBXFileReference; lastKnownFileType = sourcecode.swift; path = CourseItem.swift; sourceTree = "<group>"; };
		17ACFE842A88671A005DDAB6 /* CourseView.swift */ = {isa = PBXFileReference; lastKnownFileType = sourcecode.swift; path = CourseView.swift; sourceTree = "<group>"; };
		17ACFE862A887871005DDAB6 /* Animations.swift */ = {isa = PBXFileReference; lastKnownFileType = sourcecode.swift; path = Animations.swift; sourceTree = "<group>"; };
		17ACFE882A88B2B3005DDAB6 /* Model.swift */ = {isa = PBXFileReference; lastKnownFileType = sourcecode.swift; path = Model.swift; sourceTree = "<group>"; };
		17ACFE8A2A89082A005DDAB6 /* SearchView.swift */ = {isa = PBXFileReference; lastKnownFileType = sourcecode.swift; path = SearchView.swift; sourceTree = "<group>"; };
		17ACFE8C2A890E9A005DDAB6 /* Suggestion.swift */ = {isa = PBXFileReference; lastKnownFileType = sourcecode.swift; path = Suggestion.swift; sourceTree = "<group>"; };
		17B3CB442A87CC28006957C3 /* Course.swift */ = {isa = PBXFileReference; lastKnownFileType = sourcecode.swift; path = Course.swift; sourceTree = "<group>"; };
		17B3CB462A87D5E1006957C3 /* MatchedView.swift */ = {isa = PBXFileReference; lastKnownFileType = sourcecode.swift; path = MatchedView.swift; sourceTree = "<group>"; };
		17BA83872A84B4D100A62BA5 /* LibraryView.swift */ = {isa = PBXFileReference; lastKnownFileType = sourcecode.swift; path = LibraryView.swift; sourceTree = "<group>"; };
		17BA83892A84DC2F00A62BA5 /* Styles.swift */ = {isa = PBXFileReference; lastKnownFileType = sourcecode.swift; path = Styles.swift; sourceTree = "<group>"; };
		17DB8A642A86740700801606 /* BlobView.swift */ = {isa = PBXFileReference; lastKnownFileType = sourcecode.swift; path = BlobView.swift; sourceTree = "<group>"; };
		17E66C912A86304200183A88 /* HexagonView.swift */ = {isa = PBXFileReference; lastKnownFileType = sourcecode.swift; path = HexagonView.swift; sourceTree = "<group>"; };
/* End PBXFileReference section */

/* Begin PBXFrameworksBuildPhase section */
		1707083E2A80D1BE00A7F788 /* Frameworks */ = {
			isa = PBXFrameworksBuildPhase;
			buildActionMask = 2147483647;
			files = (
			);
			runOnlyForDeploymentPostprocessing = 0;
		};
		170708532A80D1BF00A7F788 /* Frameworks */ = {
			isa = PBXFrameworksBuildPhase;
			buildActionMask = 2147483647;
			files = (
			);
			runOnlyForDeploymentPostprocessing = 0;
		};
		1707085D2A80D1BF00A7F788 /* Frameworks */ = {
			isa = PBXFrameworksBuildPhase;
			buildActionMask = 2147483647;
			files = (
			);
			runOnlyForDeploymentPostprocessing = 0;
		};
/* End PBXFrameworksBuildPhase section */

/* Begin PBXGroup section */
		170708382A80D1BE00A7F788 = {
			isa = PBXGroup;
			children = (
				170708432A80D1BE00A7F788 /* SwiftUIDemo */,
				170708592A80D1BF00A7F788 /* SwiftUIDemoTests */,
				170708632A80D1BF00A7F788 /* SwiftUIDemoUITests */,
				170708422A80D1BE00A7F788 /* Products */,
			);
			sourceTree = "<group>";
		};
		170708422A80D1BE00A7F788 /* Products */ = {
			isa = PBXGroup;
			children = (
				170708412A80D1BE00A7F788 /* SwiftUIDemo.app */,
				170708562A80D1BF00A7F788 /* SwiftUIDemoTests.xctest */,
				170708602A80D1BF00A7F788 /* SwiftUIDemoUITests.xctest */,
			);
			name = Products;
			sourceTree = "<group>";
		};
		170708432A80D1BE00A7F788 /* SwiftUIDemo */ = {
			isa = PBXGroup;
			children = (
				170708442A80D1BE00A7F788 /* SwiftUIDemoApp.swift */,
				17BA83822A84B18400A62BA5 /* Navigation */,
				17BA83812A84B15B00A62BA5 /* Views */,
				17BA83842A84B1AA00A62BA5 /* Model */,
				17BA83832A84B19700A62BA5 /* Components */,
				17BA83852A84B1B300A62BA5 /* Styles */,
				170708482A80D1BF00A7F788 /* Assets.xcassets */,
				1707084D2A80D1BF00A7F788 /* Persistence.swift */,
				1707084F2A80D1BF00A7F788 /* SwiftUIDemo.xcdatamodeld */,
				1707084A2A80D1BF00A7F788 /* Preview Content */,
			);
			path = SwiftUIDemo;
			sourceTree = "<group>";
		};
		1707084A2A80D1BF00A7F788 /* Preview Content */ = {
			isa = PBXGroup;
			children = (
				1707084B2A80D1BF00A7F788 /* Preview Assets.xcassets */,
			);
			path = "Preview Content";
			sourceTree = "<group>";
		};
		170708592A80D1BF00A7F788 /* SwiftUIDemoTests */ = {
			isa = PBXGroup;
			children = (
				1707085A2A80D1BF00A7F788 /* SwiftUIDemoTests.swift */,
			);
			path = SwiftUIDemoTests;
			sourceTree = "<group>";
		};
		170708632A80D1BF00A7F788 /* SwiftUIDemoUITests */ = {
			isa = PBXGroup;
			children = (
				170708642A80D1BF00A7F788 /* SwiftUIDemoUITests.swift */,
				170708662A80D1BF00A7F788 /* SwiftUIDemoUITestsLaunchTests.swift */,
			);
			path = SwiftUIDemoUITests;
			sourceTree = "<group>";
		};
		17BA83812A84B15B00A62BA5 /* Views */ = {
			isa = PBXGroup;
			children = (
				17BA83862A84B3F300A62BA5 /* Main */,
				1740D4262A85C02C007446CF /* AccountView.swift */,
				17B3CB462A87D5E1006957C3 /* MatchedView.swift */,
				17ACFE842A88671A005DDAB6 /* CourseView.swift */,
				17ACFE8A2A89082A005DDAB6 /* SearchView.swift */,
			);
			path = Views;
			sourceTree = "<group>";
		};
		17BA83822A84B18400A62BA5 /* Navigation */ = {
			isa = PBXGroup;
			children = (
				170708462A80D1BE00A7F788 /* ContentView.swift */,
				170708792A80D4A900A7F788 /* TabBar.swift */,
				1711A84F2A8730510076A86D /* NavigationBar.swift */,
			);
			path = Navigation;
			sourceTree = "<group>";
		};
		17BA83832A84B19700A62BA5 /* Components */ = {
			isa = PBXGroup;
			children = (
				17DB8A642A86740700801606 /* BlobView.swift */,
				17E66C912A86304200183A88 /* HexagonView.swift */,
				1711A84D2A872E280076A86D /* FeaturedItem.swift */,
				17ACFE822A8865EB005DDAB6 /* CourseItem.swift */,
			);
			path = Components;
			sourceTree = "<group>";
		};
		17BA83842A84B1AA00A62BA5 /* Model */ = {
			isa = PBXGroup;
			children = (
				1707087B2A80D4BD00A7F788 /* Tab.swift */,
				1711A8532A8750740076A86D /* PreferenceKeys.swift */,
				17B3CB442A87CC28006957C3 /* Course.swift */,
				17ACFE882A88B2B3005DDAB6 /* Model.swift */,
				17ACFE8C2A890E9A005DDAB6 /* Suggestion.swift */,
			);
			path = Model;
			sourceTree = "<group>";
		};
		17BA83852A84B1B300A62BA5 /* Styles */ = {
			isa = PBXGroup;
			children = (
				17BA83892A84DC2F00A62BA5 /* Styles.swift */,
				1711A8552A87578C0076A86D /* AnimatableFontModifier.swift */,
				17ACFE862A887871005DDAB6 /* Animations.swift */,
			);
			path = Styles;
			sourceTree = "<group>";
		};
		17BA83862A84B3F300A62BA5 /* Main */ = {
			isa = PBXGroup;
			children = (
				170708752A80D36500A7F788 /* HomeView.swift */,
				170708732A80D32F00A7F788 /* ExploreView.swift */,
				170708772A80D41E00A7F788 /* NotificationsView.swift */,
				17BA83872A84B4D100A62BA5 /* LibraryView.swift */,
			);
			path = Main;
			sourceTree = "<group>";
		};
/* End PBXGroup section */

/* Begin PBXNativeTarget section */
		170708402A80D1BE00A7F788 /* SwiftUIDemo */ = {
			isa = PBXNativeTarget;
			buildConfigurationList = 1707086A2A80D1BF00A7F788 /* Build configuration list for PBXNativeTarget "SwiftUIDemo" */;
			buildPhases = (
				1707083D2A80D1BE00A7F788 /* Sources */,
				1707083E2A80D1BE00A7F788 /* Frameworks */,
				1707083F2A80D1BE00A7F788 /* Resources */,
			);
			buildRules = (
			);
			dependencies = (
			);
			name = SwiftUIDemo;
			productName = SwiftUIDemo;
			productReference = 170708412A80D1BE00A7F788 /* SwiftUIDemo.app */;
			productType = "com.apple.product-type.application";
		};
		170708552A80D1BF00A7F788 /* SwiftUIDemoTests */ = {
			isa = PBXNativeTarget;
			buildConfigurationList = 1707086D2A80D1BF00A7F788 /* Build configuration list for PBXNativeTarget "SwiftUIDemoTests" */;
			buildPhases = (
				170708522A80D1BF00A7F788 /* Sources */,
				170708532A80D1BF00A7F788 /* Frameworks */,
				170708542A80D1BF00A7F788 /* Resources */,
			);
			buildRules = (
			);
			dependencies = (
				170708582A80D1BF00A7F788 /* PBXTargetDependency */,
			);
			name = SwiftUIDemoTests;
			productName = SwiftUIDemoTests;
			productReference = 170708562A80D1BF00A7F788 /* SwiftUIDemoTests.xctest */;
			productType = "com.apple.product-type.bundle.unit-test";
		};
		1707085F2A80D1BF00A7F788 /* SwiftUIDemoUITests */ = {
			isa = PBXNativeTarget;
			buildConfigurationList = 170708702A80D1BF00A7F788 /* Build configuration list for PBXNativeTarget "SwiftUIDemoUITests" */;
			buildPhases = (
				1707085C2A80D1BF00A7F788 /* Sources */,
				1707085D2A80D1BF00A7F788 /* Frameworks */,
				1707085E2A80D1BF00A7F788 /* Resources */,
			);
			buildRules = (
			);
			dependencies = (
				170708622A80D1BF00A7F788 /* PBXTargetDependency */,
			);
			name = SwiftUIDemoUITests;
			productName = SwiftUIDemoUITests;
			productReference = 170708602A80D1BF00A7F788 /* SwiftUIDemoUITests.xctest */;
			productType = "com.apple.product-type.bundle.ui-testing";
		};
/* End PBXNativeTarget section */

/* Begin PBXProject section */
		170708392A80D1BE00A7F788 /* Project object */ = {
			isa = PBXProject;
			attributes = {
				BuildIndependentTargetsInParallel = 1;
				LastSwiftUpdateCheck = 1430;
				LastUpgradeCheck = 1430;
				TargetAttributes = {
					170708402A80D1BE00A7F788 = {
						CreatedOnToolsVersion = 14.3.1;
					};
					170708552A80D1BF00A7F788 = {
						CreatedOnToolsVersion = 14.3.1;
						TestTargetID = 170708402A80D1BE00A7F788;
					};
					1707085F2A80D1BF00A7F788 = {
						CreatedOnToolsVersion = 14.3.1;
						TestTargetID = 170708402A80D1BE00A7F788;
					};
				};
			};
			buildConfigurationList = 1707083C2A80D1BE00A7F788 /* Build configuration list for PBXProject "SwiftUIDemo" */;
			compatibilityVersion = "Xcode 14.0";
			developmentRegion = en;
			hasScannedForEncodings = 0;
			knownRegions = (
				en,
				Base,
			);
			mainGroup = 170708382A80D1BE00A7F788;
			productRefGroup = 170708422A80D1BE00A7F788 /* Products */;
			projectDirPath = "";
			projectRoot = "";
			targets = (
				170708402A80D1BE00A7F788 /* SwiftUIDemo */,
				170708552A80D1BF00A7F788 /* SwiftUIDemoTests */,
				1707085F2A80D1BF00A7F788 /* SwiftUIDemoUITests */,
			);
		};
/* End PBXProject section */

/* Begin PBXResourcesBuildPhase section */
		1707083F2A80D1BE00A7F788 /* Resources */ = {
			isa = PBXResourcesBuildPhase;
			buildActionMask = 2147483647;
			files = (
				1707084C2A80D1BF00A7F788 /* Preview Assets.xcassets in Resources */,
				170708492A80D1BF00A7F788 /* Assets.xcassets in Resources */,
			);
			runOnlyForDeploymentPostprocessing = 0;
		};
		170708542A80D1BF00A7F788 /* Resources */ = {
			isa = PBXResourcesBuildPhase;
			buildActionMask = 2147483647;
			files = (
			);
			runOnlyForDeploymentPostprocessing = 0;
		};
		1707085E2A80D1BF00A7F788 /* Resources */ = {
			isa = PBXResourcesBuildPhase;
			buildActionMask = 2147483647;
			files = (
			);
			runOnlyForDeploymentPostprocessing = 0;
		};
/* End PBXResourcesBuildPhase section */

/* Begin PBXSourcesBuildPhase section */
		1707083D2A80D1BE00A7F788 /* Sources */ = {
			isa = PBXSourcesBuildPhase;
			buildActionMask = 2147483647;
			files = (
				1740D4272A85C02C007446CF /* AccountView.swift in Sources */,
				17BA838A2A84DC2F00A62BA5 /* Styles.swift in Sources */,
				170708512A80D1BF00A7F788 /* SwiftUIDemo.xcdatamodeld in Sources */,
				1711A8502A8730510076A86D /* NavigationBar.swift in Sources */,
				1711A8542A8750740076A86D /* PreferenceKeys.swift in Sources */,
				1707084E2A80D1BF00A7F788 /* Persistence.swift in Sources */,
				170708472A80D1BE00A7F788 /* ContentView.swift in Sources */,
				17ACFE852A88671A005DDAB6 /* CourseView.swift in Sources */,
				17B3CB452A87CC28006957C3 /* Course.swift in Sources */,
				1707087A2A80D4A900A7F788 /* TabBar.swift in Sources */,
				17B3CB472A87D5E1006957C3 /* MatchedView.swift in Sources */,
				17ACFE832A8865EB005DDAB6 /* CourseItem.swift in Sources */,
				170708762A80D36500A7F788 /* HomeView.swift in Sources */,
				170708782A80D41F00A7F788 /* NotificationsView.swift in Sources */,
				1711A84E2A872E280076A86D /* FeaturedItem.swift in Sources */,
				17ACFE8B2A89082A005DDAB6 /* SearchView.swift in Sources */,
				17ACFE892A88B2B3005DDAB6 /* Model.swift in Sources */,
				17ACFE8D2A890E9A005DDAB6 /* Suggestion.swift in Sources */,
				1711A8562A87578C0076A86D /* AnimatableFontModifier.swift in Sources */,
				1707087C2A80D4BD00A7F788 /* Tab.swift in Sources */,
				170708452A80D1BE00A7F788 /* SwiftUIDemoApp.swift in Sources */,
				17E66C922A86304200183A88 /* HexagonView.swift in Sources */,
				17BA83882A84B4D100A62BA5 /* LibraryView.swift in Sources */,
				170708742A80D32F00A7F788 /* ExploreView.swift in Sources */,
				17DB8A652A86740700801606 /* BlobView.swift in Sources */,
				17ACFE872A887871005DDAB6 /* Animations.swift in Sources */,
			);
			runOnlyForDeploymentPostprocessing = 0;
		};
		170708522A80D1BF00A7F788 /* Sources */ = {
			isa = PBXSourcesBuildPhase;
			buildActionMask = 2147483647;
			files = (
				1707085B2A80D1BF00A7F788 /* SwiftUIDemoTests.swift in Sources */,
			);
			runOnlyForDeploymentPostprocessing = 0;
		};
		1707085C2A80D1BF00A7F788 /* Sources */ = {
			isa = PBXSourcesBuildPhase;
			buildActionMask = 2147483647;
			files = (
				170708652A80D1BF00A7F788 /* SwiftUIDemoUITests.swift in Sources */,
				170708672A80D1BF00A7F788 /* SwiftUIDemoUITestsLaunchTests.swift in Sources */,
			);
			runOnlyForDeploymentPostprocessing = 0;
		};
/* End PBXSourcesBuildPhase section */

/* Begin PBXTargetDependency section */
		170708582A80D1BF00A7F788 /* PBXTargetDependency */ = {
			isa = PBXTargetDependency;
			target = 170708402A80D1BE00A7F788 /* SwiftUIDemo */;
			targetProxy = 170708572A80D1BF00A7F788 /* PBXContainerItemProxy */;
		};
		170708622A80D1BF00A7F788 /* PBXTargetDependency */ = {
			isa = PBXTargetDependency;
			target = 170708402A80D1BE00A7F788 /* SwiftUIDemo */;
			targetProxy = 170708612A80D1BF00A7F788 /* PBXContainerItemProxy */;
		};
/* End PBXTargetDependency section */

/* Begin XCBuildConfiguration section */
		170708682A80D1BF00A7F788 /* Debug */ = {
			isa = XCBuildConfiguration;
			buildSettings = {
				ALWAYS_SEARCH_USER_PATHS = NO;
				CLANG_ANALYZER_NONNULL = YES;
				CLANG_ANALYZER_NUMBER_OBJECT_CONVERSION = YES_AGGRESSIVE;
				CLANG_CXX_LANGUAGE_STANDARD = "gnu++20";
				CLANG_ENABLE_MODULES = YES;
				CLANG_ENABLE_OBJC_ARC = YES;
				CLANG_ENABLE_OBJC_WEAK = YES;
				CLANG_WARN_BLOCK_CAPTURE_AUTORELEASING = YES;
				CLANG_WARN_BOOL_CONVERSION = YES;
				CLANG_WARN_COMMA = YES;
				CLANG_WARN_CONSTANT_CONVERSION = YES;
				CLANG_WARN_DEPRECATED_OBJC_IMPLEMENTATIONS = YES;
				CLANG_WARN_DIRECT_OBJC_ISA_USAGE = YES_ERROR;
				CLANG_WARN_DOCUMENTATION_COMMENTS = YES;
				CLANG_WARN_EMPTY_BODY = YES;
				CLANG_WARN_ENUM_CONVERSION = YES;
				CLANG_WARN_INFINITE_RECURSION = YES;
				CLANG_WARN_INT_CONVERSION = YES;
				CLANG_WARN_NON_LITERAL_NULL_CONVERSION = YES;
				CLANG_WARN_OBJC_IMPLICIT_RETAIN_SELF = YES;
				CLANG_WARN_OBJC_LITERAL_CONVERSION = YES;
				CLANG_WARN_OBJC_ROOT_CLASS = YES_ERROR;
				CLANG_WARN_QUOTED_INCLUDE_IN_FRAMEWORK_HEADER = YES;
				CLANG_WARN_RANGE_LOOP_ANALYSIS = YES;
				CLANG_WARN_STRICT_PROTOTYPES = YES;
				CLANG_WARN_SUSPICIOUS_MOVE = YES;
				CLANG_WARN_UNGUARDED_AVAILABILITY = YES_AGGRESSIVE;
				CLANG_WARN_UNREACHABLE_CODE = YES;
				CLANG_WARN__DUPLICATE_METHOD_MATCH = YES;
				COPY_PHASE_STRIP = NO;
				DEBUG_INFORMATION_FORMAT = dwarf;
				ENABLE_STRICT_OBJC_MSGSEND = YES;
				ENABLE_TESTABILITY = YES;
				GCC_C_LANGUAGE_STANDARD = gnu11;
				GCC_DYNAMIC_NO_PIC = NO;
				GCC_NO_COMMON_BLOCKS = YES;
				GCC_OPTIMIZATION_LEVEL = 0;
				GCC_PREPROCESSOR_DEFINITIONS = (
					"DEBUG=1",
					"$(inherited)",
				);
				GCC_WARN_64_TO_32_BIT_CONVERSION = YES;
				GCC_WARN_ABOUT_RETURN_TYPE = YES_ERROR;
				GCC_WARN_UNDECLARED_SELECTOR = YES;
				GCC_WARN_UNINITIALIZED_AUTOS = YES_AGGRESSIVE;
				GCC_WARN_UNUSED_FUNCTION = YES;
				GCC_WARN_UNUSED_VARIABLE = YES;
				IPHONEOS_DEPLOYMENT_TARGET = 16.4;
				MTL_ENABLE_DEBUG_INFO = INCLUDE_SOURCE;
				MTL_FAST_MATH = YES;
				ONLY_ACTIVE_ARCH = YES;
				SDKROOT = iphoneos;
				SWIFT_ACTIVE_COMPILATION_CONDITIONS = DEBUG;
				SWIFT_OPTIMIZATION_LEVEL = "-Onone";
			};
			name = Debug;
		};
		170708692A80D1BF00A7F788 /* Release */ = {
			isa = XCBuildConfiguration;
			buildSettings = {
				ALWAYS_SEARCH_USER_PATHS = NO;
				CLANG_ANALYZER_NONNULL = YES;
				CLANG_ANALYZER_NUMBER_OBJECT_CONVERSION = YES_AGGRESSIVE;
				CLANG_CXX_LANGUAGE_STANDARD = "gnu++20";
				CLANG_ENABLE_MODULES = YES;
				CLANG_ENABLE_OBJC_ARC = YES;
				CLANG_ENABLE_OBJC_WEAK = YES;
				CLANG_WARN_BLOCK_CAPTURE_AUTORELEASING = YES;
				CLANG_WARN_BOOL_CONVERSION = YES;
				CLANG_WARN_COMMA = YES;
				CLANG_WARN_CONSTANT_CONVERSION = YES;
				CLANG_WARN_DEPRECATED_OBJC_IMPLEMENTATIONS = YES;
				CLANG_WARN_DIRECT_OBJC_ISA_USAGE = YES_ERROR;
				CLANG_WARN_DOCUMENTATION_COMMENTS = YES;
				CLANG_WARN_EMPTY_BODY = YES;
				CLANG_WARN_ENUM_CONVERSION = YES;
				CLANG_WARN_INFINITE_RECURSION = YES;
				CLANG_WARN_INT_CONVERSION = YES;
				CLANG_WARN_NON_LITERAL_NULL_CONVERSION = YES;
				CLANG_WARN_OBJC_IMPLICIT_RETAIN_SELF = YES;
				CLANG_WARN_OBJC_LITERAL_CONVERSION = YES;
				CLANG_WARN_OBJC_ROOT_CLASS = YES_ERROR;
				CLANG_WARN_QUOTED_INCLUDE_IN_FRAMEWORK_HEADER = YES;
				CLANG_WARN_RANGE_LOOP_ANALYSIS = YES;
				CLANG_WARN_STRICT_PROTOTYPES = YES;
				CLANG_WARN_SUSPICIOUS_MOVE = YES;
				CLANG_WARN_UNGUARDED_AVAILABILITY = YES_AGGRESSIVE;
				CLANG_WARN_UNREACHABLE_CODE = YES;
				CLANG_WARN__DUPLICATE_METHOD_MATCH = YES;
				COPY_PHASE_STRIP = NO;
				DEBUG_INFORMATION_FORMAT = "dwarf-with-dsym";
				ENABLE_NS_ASSERTIONS = NO;
				ENABLE_STRICT_OBJC_MSGSEND = YES;
				GCC_C_LANGUAGE_STANDARD = gnu11;
				GCC_NO_COMMON_BLOCKS = YES;
				GCC_WARN_64_TO_32_BIT_CONVERSION = YES;
				GCC_WARN_ABOUT_RETURN_TYPE = YES_ERROR;
				GCC_WARN_UNDECLARED_SELECTOR = YES;
				GCC_WARN_UNINITIALIZED_AUTOS = YES_AGGRESSIVE;
				GCC_WARN_UNUSED_FUNCTION = YES;
				GCC_WARN_UNUSED_VARIABLE = YES;
				IPHONEOS_DEPLOYMENT_TARGET = 16.4;
				MTL_ENABLE_DEBUG_INFO = NO;
				MTL_FAST_MATH = YES;
				SDKROOT = iphoneos;
				SWIFT_COMPILATION_MODE = wholemodule;
				SWIFT_OPTIMIZATION_LEVEL = "-O";
				VALIDATE_PRODUCT = YES;
			};
			name = Release;
		};
		1707086B2A80D1BF00A7F788 /* Debug */ = {
			isa = XCBuildConfiguration;
			buildSettings = {
				ASSETCATALOG_COMPILER_APPICON_NAME = AppIcon;
				ASSETCATALOG_COMPILER_GLOBAL_ACCENT_COLOR_NAME = AccentColor;
				CODE_SIGN_STYLE = Automatic;
				CURRENT_PROJECT_VERSION = 1;
				DEVELOPMENT_ASSET_PATHS = "\"SwiftUIDemo/Preview Content\"";
				DEVELOPMENT_TEAM = GKY55PPXT6;
				ENABLE_PREVIEWS = YES;
				GENERATE_INFOPLIST_FILE = YES;
				INFOPLIST_KEY_CFBundleDisplayName = SwiftUI;
				INFOPLIST_KEY_UIApplicationSceneManifest_Generation = YES;
				INFOPLIST_KEY_UIApplicationSupportsIndirectInputEvents = YES;
				INFOPLIST_KEY_UILaunchScreen_Generation = YES;
				INFOPLIST_KEY_UISupportedInterfaceOrientations_iPad = "UIInterfaceOrientationPortrait UIInterfaceOrientationPortraitUpsideDown UIInterfaceOrientationLandscapeLeft UIInterfaceOrientationLandscapeRight";
				INFOPLIST_KEY_UISupportedInterfaceOrientations_iPhone = "UIInterfaceOrientationPortrait UIInterfaceOrientationLandscapeLeft UIInterfaceOrientationLandscapeRight";
				IPHONEOS_DEPLOYMENT_TARGET = 15.0;
				LD_RUNPATH_SEARCH_PATHS = (
					"$(inherited)",
					"@executable_path/Frameworks",
				);
				MARKETING_VERSION = 1.0;
				PRODUCT_BUNDLE_IDENTIFIER = com.quentinzang.SwiftUIDemo;
				PRODUCT_NAME = "$(TARGET_NAME)";
				SWIFT_EMIT_LOC_STRINGS = YES;
				SWIFT_VERSION = 5.0;
				TARGETED_DEVICE_FAMILY = "1,2";
			};
			name = Debug;
		};
		1707086C2A80D1BF00A7F788 /* Release */ = {
			isa = XCBuildConfiguration;
			buildSettings = {
				ASSETCATALOG_COMPILER_APPICON_NAME = AppIcon;
				ASSETCATALOG_COMPILER_GLOBAL_ACCENT_COLOR_NAME = AccentColor;
				CODE_SIGN_STYLE = Automatic;
				CURRENT_PROJECT_VERSION = 1;
				DEVELOPMENT_ASSET_PATHS = "\"SwiftUIDemo/Preview Content\"";
				DEVELOPMENT_TEAM = GKY55PPXT6;
				ENABLE_PREVIEWS = YES;
				GENERATE_INFOPLIST_FILE = YES;
				INFOPLIST_KEY_CFBundleDisplayName = SwiftUI;
				INFOPLIST_KEY_UIApplicationSceneManifest_Generation = YES;
				INFOPLIST_KEY_UIApplicationSupportsIndirectInputEvents = YES;
				INFOPLIST_KEY_UILaunchScreen_Generation = YES;
				INFOPLIST_KEY_UISupportedInterfaceOrientations_iPad = "UIInterfaceOrientationPortrait UIInterfaceOrientationPortraitUpsideDown UIInterfaceOrientationLandscapeLeft UIInterfaceOrientationLandscapeRight";
				INFOPLIST_KEY_UISupportedInterfaceOrientations_iPhone = "UIInterfaceOrientationPortrait UIInterfaceOrientationLandscapeLeft UIInterfaceOrientationLandscapeRight";
				IPHONEOS_DEPLOYMENT_TARGET = 15.0;
				LD_RUNPATH_SEARCH_PATHS = (
					"$(inherited)",
					"@executable_path/Frameworks",
				);
				MARKETING_VERSION = 1.0;
				PRODUCT_BUNDLE_IDENTIFIER = com.quentinzang.SwiftUIDemo;
				PRODUCT_NAME = "$(TARGET_NAME)";
				SWIFT_EMIT_LOC_STRINGS = YES;
				SWIFT_VERSION = 5.0;
				TARGETED_DEVICE_FAMILY = "1,2";
			};
			name = Release;
		};
		1707086E2A80D1BF00A7F788 /* Debug */ = {
			isa = XCBuildConfiguration;
			buildSettings = {
				ALWAYS_EMBED_SWIFT_STANDARD_LIBRARIES = YES;
				BUNDLE_LOADER = "$(TEST_HOST)";
				CODE_SIGN_STYLE = Automatic;
				CURRENT_PROJECT_VERSION = 1;
				DEVELOPMENT_TEAM = GKY55PPXT6;
				GENERATE_INFOPLIST_FILE = YES;
				IPHONEOS_DEPLOYMENT_TARGET = 16.4;
				MARKETING_VERSION = 1.0;
				PRODUCT_BUNDLE_IDENTIFIER = com.quentinzang.SwiftUIDemoTests;
				PRODUCT_NAME = "$(TARGET_NAME)";
				SWIFT_EMIT_LOC_STRINGS = NO;
				SWIFT_VERSION = 5.0;
				TARGETED_DEVICE_FAMILY = "1,2";
				TEST_HOST = "$(BUILT_PRODUCTS_DIR)/SwiftUIDemo.app/$(BUNDLE_EXECUTABLE_FOLDER_PATH)/SwiftUIDemo";
			};
			name = Debug;
		};
		1707086F2A80D1BF00A7F788 /* Release */ = {
			isa = XCBuildConfiguration;
			buildSettings = {
				ALWAYS_EMBED_SWIFT_STANDARD_LIBRARIES = YES;
				BUNDLE_LOADER = "$(TEST_HOST)";
				CODE_SIGN_STYLE = Automatic;
				CURRENT_PROJECT_VERSION = 1;
				DEVELOPMENT_TEAM = GKY55PPXT6;
				GENERATE_INFOPLIST_FILE = YES;
				IPHONEOS_DEPLOYMENT_TARGET = 16.4;
				MARKETING_VERSION = 1.0;
				PRODUCT_BUNDLE_IDENTIFIER = com.quentinzang.SwiftUIDemoTests;
				PRODUCT_NAME = "$(TARGET_NAME)";
				SWIFT_EMIT_LOC_STRINGS = NO;
				SWIFT_VERSION = 5.0;
				TARGETED_DEVICE_FAMILY = "1,2";
				TEST_HOST = "$(BUILT_PRODUCTS_DIR)/SwiftUIDemo.app/$(BUNDLE_EXECUTABLE_FOLDER_PATH)/SwiftUIDemo";
			};
			name = Release;
		};
		170708712A80D1BF00A7F788 /* Debug */ = {
			isa = XCBuildConfiguration;
			buildSettings = {
				ALWAYS_EMBED_SWIFT_STANDARD_LIBRARIES = YES;
				CODE_SIGN_STYLE = Automatic;
				CURRENT_PROJECT_VERSION = 1;
				DEVELOPMENT_TEAM = GKY55PPXT6;
				GENERATE_INFOPLIST_FILE = YES;
				MARKETING_VERSION = 1.0;
				PRODUCT_BUNDLE_IDENTIFIER = com.quentinzang.SwiftUIDemoUITests;
				PRODUCT_NAME = "$(TARGET_NAME)";
				SWIFT_EMIT_LOC_STRINGS = NO;
				SWIFT_VERSION = 5.0;
				TARGETED_DEVICE_FAMILY = "1,2";
				TEST_TARGET_NAME = SwiftUIDemo;
			};
			name = Debug;
		};
		170708722A80D1BF00A7F788 /* Release */ = {
			isa = XCBuildConfiguration;
			buildSettings = {
				ALWAYS_EMBED_SWIFT_STANDARD_LIBRARIES = YES;
				CODE_SIGN_STYLE = Automatic;
				CURRENT_PROJECT_VERSION = 1;
				DEVELOPMENT_TEAM = GKY55PPXT6;
				GENERATE_INFOPLIST_FILE = YES;
				MARKETING_VERSION = 1.0;
				PRODUCT_BUNDLE_IDENTIFIER = com.quentinzang.SwiftUIDemoUITests;
				PRODUCT_NAME = "$(TARGET_NAME)";
				SWIFT_EMIT_LOC_STRINGS = NO;
				SWIFT_VERSION = 5.0;
				TARGETED_DEVICE_FAMILY = "1,2";
				TEST_TARGET_NAME = SwiftUIDemo;
			};
			name = Release;
		};
/* End XCBuildConfiguration section */

/* Begin XCConfigurationList section */
		1707083C2A80D1BE00A7F788 /* Build configuration list for PBXProject "SwiftUIDemo" */ = {
			isa = XCConfigurationList;
			buildConfigurations = (
				170708682A80D1BF00A7F788 /* Debug */,
				170708692A80D1BF00A7F788 /* Release */,
			);
			defaultConfigurationIsVisible = 0;
			defaultConfigurationName = Release;
		};
		1707086A2A80D1BF00A7F788 /* Build configuration list for PBXNativeTarget "SwiftUIDemo" */ = {
			isa = XCConfigurationList;
			buildConfigurations = (
				1707086B2A80D1BF00A7F788 /* Debug */,
				1707086C2A80D1BF00A7F788 /* Release */,
			);
			defaultConfigurationIsVisible = 0;
			defaultConfigurationName = Release;
		};
		1707086D2A80D1BF00A7F788 /* Build configuration list for PBXNativeTarget "SwiftUIDemoTests" */ = {
			isa = XCConfigurationList;
			buildConfigurations = (
				1707086E2A80D1BF00A7F788 /* Debug */,
				1707086F2A80D1BF00A7F788 /* Release */,
			);
			defaultConfigurationIsVisible = 0;
			defaultConfigurationName = Release;
		};
		170708702A80D1BF00A7F788 /* Build configuration list for PBXNativeTarget "SwiftUIDemoUITests" */ = {
			isa = XCConfigurationList;
			buildConfigurations = (
				170708712A80D1BF00A7F788 /* Debug */,
				170708722A80D1BF00A7F788 /* Release */,
			);
			defaultConfigurationIsVisible = 0;
			defaultConfigurationName = Release;
		};
/* End XCConfigurationList section */

/* Begin XCVersionGroup section */
		1707084F2A80D1BF00A7F788 /* SwiftUIDemo.xcdatamodeld */ = {
			isa = XCVersionGroup;
			children = (
				170708502A80D1BF00A7F788 /* SwiftUIDemo.xcdatamodel */,
			);
			currentVersion = 170708502A80D1BF00A7F788 /* SwiftUIDemo.xcdatamodel */;
			path = SwiftUIDemo.xcdatamodeld;
			sourceTree = "<group>";
			versionGroupType = wrapper.xcdatamodel;
		};
/* End XCVersionGroup section */
	};
	rootObject = 170708392A80D1BE00A7F788 /* Project object */;
}
